hash: dc9bc98bb923adee2c2c716deb0a1d9592585cdcf66ce2cab52d57165c1206fa
updated: 2019-01-09T15:29:28.898403-08:00
imports:
- name: github.com/aws/aws-sdk-go
  version: 1f8a24693bc965514ee0d7aadbabe0ceed184a88
- name: github.com/Knetic/govaluate
  version: 9aa49832a739dcd78a5542ff189fb82c3e423116
- name: github.com/logrusorgru/aurora
  version: a7b3b318ed4e1ae5b80602b08627267303c68572
- name: github.com/muhqu/go-gherkin
  version: cb0d10a26980d8cd4b4d1b65860bbb385bda21e3
  subpackages:
  - events
  - nodes
- name: github.com/xlab/treeprint
  version: a009c3971eca89777614839eb7f69abed3ea3959
testImports: []
